
Microsoft Visual Studio Solution File, Format Version 12.00
# Visual Studio Version 16
VisualStudioVersion = 16.0.29509.3
MinimumVisualStudioVersion = 10.0.40219.1
Project("{FAE04EC0-301F-11D3-BF4B-00C04F79EFBC}") = "AjaxCalculator", "AjaxCalculator\AjaxCalculator.csproj", "{4E7ACEAD-F9BE-4DB8-A6C7-14A8E90C59DE}"
EndProject
Global
	GlobalSection(SolutionConfigurationPlatforms) = preSolution
		Debug|Any CPU = Debug|Any CPU
		Release|Any CPU = Release|Any CPU
	EndGlobalSection
	GlobalSection(ProjectConfigurationPlatforms) = postSolution
		{4E7ACEAD-F9BE-4DB8-A6C7-14A8E90C59DE}.Debug|Any CPU.ActiveCfg = Debug|Any CPU
		{4E7ACEAD-F9BE-4DB8-A6C7-14A8E90C59DE}.Debug|Any CPU.Build.0 = Debug|Any CPU
		{4E7ACEAD-F9BE-4DB8-A6C7-14A8E90C59DE}.Release|Any CPU.ActiveCfg = Release|Any CPU
		{4E7ACEAD-F9BE-4DB8-A6C7-14A8E90C59DE}.Release|Any CPU.Build.0 = Release|Any CPU
	EndGlobalSection
	GlobalSection(SolutionProperties) = preSolution
		HideSolutionNode = FALSE
	EndGlobalSection
	GlobalSection(ExtensibilityGlobals) = postSolution
		SolutionGuid = {4B11A1BD-9099-4B09-85F0-9950ABA71B82}
	EndGlobalSection
EndGlobal
